
Microsoft Visual Studio Solution File, Format Version 12.00
# Visual Studio 14
VisualStudioVersion = 14.0.22823.1
MinimumVisualStudioVersion = 10.0.40219.1
Project("{FAE04EC0-301F-11D3-BF4B-00C04F79EFBC}") = "KSPx64TotalUnfixer.UI", "KSP64TotalUnfixer\KSPx64TotalUnfixer.UI.csproj", "{2F690BC2-E8D9-455D-AEA5-7949309798AD}"
EndProject
Project("{FAE04EC0-301F-11D3-BF4B-00C04F79EFBC}") = "KSPx64TotalUnfixer.Core", "KSP64TotalUnfixer.Core\KSPx64TotalUnfixer.Core.csproj", "{3FFE5E35-10A1-4218-AB23-8D72C819B9E4}"
EndProject
Project("{FAE04EC0-301F-11D3-BF4B-00C04F79EFBC}") = "KSP64TotalUnfixer.Core.Tests", "KSP64TotalUnfixer.Core.Tests\KSP64TotalUnfixer.Core.Tests.csproj", "{B9709318-0556-44C5-BF37-1934A20CDD54}"
EndProject
Global
	GlobalSection(SolutionConfigurationPlatforms) = preSolution
		Debug|Any CPU = Debug|Any CPU
		Release|Any CPU = Release|Any CPU
	EndGlobalSection
	GlobalSection(ProjectConfigurationPlatforms) = postSolution
		{2F690BC2-E8D9-455D-AEA5-7949309798AD}.Debug|Any CPU.ActiveCfg = Debug|Any CPU
		{2F690BC2-E8D9-455D-AEA5-7949309798AD}.Debug|Any CPU.Build.0 = Debug|Any CPU
		{2F690BC2-E8D9-455D-AEA5-7949309798AD}.Release|Any CPU.ActiveCfg = Release|Any CPU
		{2F690BC2-E8D9-455D-AEA5-7949309798AD}.Release|Any CPU.Build.0 = Release|Any CPU
		{3FFE5E35-10A1-4218-AB23-8D72C819B9E4}.Debug|Any CPU.ActiveCfg = Debug|Any CPU
		{3FFE5E35-10A1-4218-AB23-8D72C819B9E4}.Debug|Any CPU.Build.0 = Debug|Any CPU
		{3FFE5E35-10A1-4218-AB23-8D72C819B9E4}.Release|Any CPU.ActiveCfg = Release|Any CPU
		{3FFE5E35-10A1-4218-AB23-8D72C819B9E4}.Release|Any CPU.Build.0 = Release|Any CPU
		{B9709318-0556-44C5-BF37-1934A20CDD54}.Debug|Any CPU.ActiveCfg = Debug|Any CPU
		{B9709318-0556-44C5-BF37-1934A20CDD54}.Debug|Any CPU.Build.0 = Debug|Any CPU
		{B9709318-0556-44C5-BF37-1934A20CDD54}.Release|Any CPU.ActiveCfg = Release|Any CPU
		{B9709318-0556-44C5-BF37-1934A20CDD54}.Release|Any CPU.Build.0 = Release|Any CPU
	EndGlobalSection
	GlobalSection(SolutionProperties) = preSolution
		HideSolutionNode = FALSE
	EndGlobalSection
EndGlobal
